<?xml version="1.0" encoding="utf-8"?>
<Project ToolsVersion="4.0" xmlns="http://schemas.microsoft.com/developer/msbuild/2003">
  <ItemGroup>
    <Filter Include="Source Files">
      <UniqueIdentifier>{4FC737F1-C7A5-4376-A066-2A32D752A2FF}</UniqueIdentifier>
      <Extensions>cpp;c;cc;cxx;def;odl;idl;hpj;bat;asm;asmx</Extensions>
    </Filter>
    <Filter Include="Header Files">
      <UniqueIdentifier>{93995380-89BD-4b04-88EB-625FBE52EBFB}</UniqueIdentifier>
      <Extensions>h;hh;hpp;hxx;hm;inl;inc;xsd</Extensions>
    </Filter>
    <Filter Include="Resource Files">
      <UniqueIdentifier>{67DA6AB6-F800-4c08-8B7A-83BB121AAD01}</UniqueIdentifier>
      <Extensions>rc;ico;cur;bmp;dlg;rc2;rct;bin;rgs;gif;jpg;jpeg;jpe;resx;tiff;tif;png;wav;mfcribbon-ms</Extensions>
    </Filter>
    <Filter Include="Header Files\imgui">
      <UniqueIdentifier>{19f788a7-a5e2-4956-9882-ddf6a130e837}</UniqueIdentifier>
    </Filter>
    <Filter Include="Header Files\powell">
      <UniqueIdentifier>{4c1118a9-5561-4471-9097-177e19fbb280}</UniqueIdentifier>
    </Filter>
    <Filter Include="Header Files\utilities">
      <UniqueIdentifier>{e80fb4f5-5987-44d2-b699-dec05000f4cd}</UniqueIdentifier>
    </Filter>
    <Filter Include="Source Files\utilities">
      <UniqueIdentifier>{2a899f82-4cf2-4f64-a366-7a156edbf135}</UniqueIdentifier>
    </Filter>
    <Filter Include="Source Files\imgui">
      <UniqueIdentifier>{f3e8a006-becd-4720-a9ec-6558fb1acbb5}</UniqueIdentifier>
    </Filter>
    <Filter Include="Source Files\powell">
      <UniqueIdentifier>{61541306-34b3-4e62-b2b3-e75053ea8fdc}</UniqueIdentifier>
    </Filter>
  </ItemGroup>
  <ItemGroup>
    <ClInclude Include="geometry.h">
      <Filter>Header Files</Filter>
    </ClInclude>
    <ClInclude Include="optimize.h">
      <Filter>Header Files</Filter>
    </ClInclude>
    <ClInclude Include="ppc.h">
      <Filter>Header Files</Filter>
    </ClInclude>
    <ClInclude Include="imgui\imgui.h">
      <Filter>Header Files\imgui</Filter>
    </ClInclude>
    <ClInclude Include="imgui\imgui_impl_glfw_gl3.h">
      <Filter>Header Files\imgui</Filter>
    </ClInclude>
    <ClInclude Include="imgui\stb_rect_pack.h">
      <Filter>Header Files\imgui</Filter>
    </ClInclude>
    <ClInclude Include="imgui\stb_textedit.h">
      <Filter>Header Files\imgui</Filter>
    </ClInclude>
    <ClInclude Include="imgui\stb_truetype.h">
      <Filter>Header Files\imgui</Filter>
    </ClInclude>
    <ClInclude Include="imgui\imconfig.h">
      <Filter>Header Files\imgui</Filter>
    </ClInclude>
    <ClInclude Include="powell\nrutil.h">
      <Filter>Header Files\powell</Filter>
    </ClInclude>
    <ClInclude Include="powell\powell.h">
      <Filter>Header Files\powell</Filter>
    </ClInclude>
    <ClInclude Include="utilities\shader.h">
      <Filter>Header Files\utilities</Filter>
    </ClInclude>
    <ClInclude Include="quaternion.h">
      <Filter>Header Files</Filter>
    </ClInclude>
  </ItemGroup>
  <ItemGroup>
    <ClCompile Include="geometry.cpp">
      <Filter>Source Files</Filter>
    </ClCompile>
    <ClCompile Include="main.cpp">
      <Filter>Source Files</Filter>
    </ClCompile>
    <ClCompile Include="optimize.cpp">
      <Filter>Source Files</Filter>
    </ClCompile>
    <ClCompile Include="ppc.cpp">
      <Filter>Source Files</Filter>
    </ClCompile>
    <ClCompile Include="utilities\shader.cpp">
      <Filter>Source Files\utilities</Filter>
    </ClCompile>
    <ClCompile Include="imgui\imgui.cpp">
      <Filter>Source Files\imgui</Filter>
    </ClCompile>
    <ClCompile Include="imgui\imgui_demo.cpp">
      <Filter>Source Files\imgui</Filter>
    </ClCompile>
    <ClCompile Include="imgui\imgui_draw.cpp">
      <Filter>Source Files\imgui</Filter>
    </ClCompile>
    <ClCompile Include="imgui\imgui_impl_glfw_gl3.cpp">
      <Filter>Source Files\imgui</Filter>
    </ClCompile>
    <ClCompile Include="powell\f1dim.cpp">
      <Filter>Source Files\powell</Filter>
    </ClCompile>
    <ClCompile Include="powell\brent.cpp">
      <Filter>Source Files\powell</Filter>
    </ClCompile>
    <ClCompile Include="powell\linmin.cpp">
      <Filter>Source Files\powell</Filter>
    </ClCompile>
    <ClCompile Include="powell\mnbrak.cpp">
      <Filter>Source Files\powell</Filter>
    </ClCompile>
    <ClCompile Include="powell\nrutil.cpp">
      <Filter>Source Files\powell</Filter>
    </ClCompile>
    <ClCompile Include="powell\powell.cpp">
      <Filter>Source Files\powell</Filter>
    </ClCompile>
    <ClCompile Include="glad.c">
      <Filter>Source Files</Filter>
    </ClCompile>
    <ClCompile Include="quaternion.cpp">
      <Filter>Source Files</Filter>
    </ClCompile>
  </ItemGroup>
</Project>